{
  "name": "bakingrl-sdk-repository",
  "version": "2.2.0",
  "lockfileVersion": 3,
  "requires": true,
  "packages": {
    "": {
      "name": "bakingrl-sdk-repository",
      "version": "2.2.0",
      "license": "MIT",
      "workspaces": [
        "packages/plugin-sdk",
        "packages/create-bakingrl-plugin"
      ],
      "bin": {
        "bakingrl-plugin": "packages/create-bakingrl-plugin/lib/bakingrl-plugin.mjs",
        "create-bakingrl-plugin": "packages/create-bakingrl-plugin/bin/create-bakingrl-plugin.mjs"
      }
    },
    "node_modules/@bakingrl/create-plugin": {
      "resolved": "packages/create-bakingrl-plugin",
      "link": true
    },
    "node_modules/@bakingrl/plugin-sdk": {
      "resolved": "packages/plugin-sdk",
      "link": true
    },
    "node_modules/typescript": {
      "version": "5.6.3",
      "resolved": "https://registry.npmjs.org/typescript/-/typescript-5.6.3.tgz",
      "integrity": "sha512-hjcS1mhfuyi4WW8IWtjP7brDrG2cuDZukyrYrSauoXGNgx0S7zceP07adYkJycEr56BOUTNPzbInooiN3fn1qw==",
      "dev": true,
      "license": "Apache-2.0",
      "bin": {
        "tsc": "bin/tsc",
        "tsserver": "bin/tsserver"
      },
      "engines": {
        "node": ">=14.17"
      }
    },
    "packages/create-bakingrl-plugin": {
      "name": "@bakingrl/create-plugin",
      "version": "2.2.0",
      "license": "MIT",
      "bin": {
        "bakingrl-plugin": "lib/bakingrl-plugin.mjs",
        "create-bakingrl-plugin": "bin/create-bakingrl-plugin.mjs"
      }
    },
    "packages/plugin-sdk": {
      "name": "@bakingrl/plugin-sdk",
      "version": "2.2.0",
      "license": "MIT",
      "devDependencies": {
        "typescript": "~5.6.2"
      }
    }
  }
}
